
Microsoft Visual Studio Solution File, Format Version 12.00
# Visual Studio Version 17
VisualStudioVersion = 17.11.35312.102
MinimumVisualStudioVersion = 10.0.40219.1
Project("{9A19103F-16F7-4668-BE54-9A1E7A4F7556}") = "TargilVSServer", "TargilVSServer.csproj", "{C003C726-9D95-4612-84AB-4B8B8D951610}"
EndProject
Global
	GlobalSection(SolutionConfigurationPlatforms) = preSolution
		Debug|Any CPU = Debug|Any CPU
		Release|Any CPU = Release|Any CPU
	EndGlobalSection
	GlobalSection(ProjectConfigurationPlatforms) = postSolution
		{C003C726-9D95-4612-84AB-4B8B8D951610}.Debug|Any CPU.ActiveCfg = Debug|Any CPU
		{C003C726-9D95-4612-84AB-4B8B8D951610}.Debug|Any CPU.Build.0 = Debug|Any CPU
		{C003C726-9D95-4612-84AB-4B8B8D951610}.Release|Any CPU.ActiveCfg = Release|Any CPU
		{C003C726-9D95-4612-84AB-4B8B8D951610}.Release|Any CPU.Build.0 = Release|Any CPU
	EndGlobalSection
	GlobalSection(SolutionProperties) = preSolution
		HideSolutionNode = FALSE
	EndGlobalSection
	GlobalSection(ExtensibilityGlobals) = postSolution
		SolutionGuid = {4C0416F4-AFC6-4CD8-8B21-A4E339A8E6B7}
	EndGlobalSection
EndGlobal
